
Microsoft Visual Studio Solution File, Format Version 12.00
# Visual Studio 15
VisualStudioVersion = 15.0.27004.2002
MinimumVisualStudioVersion = 10.0.40219.1
Project("{8BC9CEB8-8B4A-11D0-8D11-00A0C91BC942}") = "Example", "Example\Example.vcxproj", "{B8FDFD9D-0591-4AF5-A43B-F378883A202C}"
EndProject
Project("{8BC9CEB8-8B4A-11D0-8D11-00A0C91BC942}") = "Collider2D", "CollisionDetection\CollisionDetection.vcxproj", "{679DB21C-FCC7-45C7-8223-45B8314B03F3}"
EndProject
Project("{8BC9CEB8-8B4A-11D0-8D11-00A0C91BC942}") = "UnitTest", "UnitTest\UnitTest.vcxproj", "{A16D801E-99EA-4F84-8BB6-C9EF2FF21009}"
EndProject
Global
	GlobalSection(SolutionConfigurationPlatforms) = preSolution
		Debug|Win32 = Debug|Win32
		Debug|x64 = Debug|x64
		Debug|x86 = Debug|x86
		Release|Win32 = Release|Win32
		Release|x64 = Release|x64
		Release|x86 = Release|x86
	EndGlobalSection
	GlobalSection(ProjectConfigurationPlatforms) = postSolution
		{B8FDFD9D-0591-4AF5-A43B-F378883A202C}.Debug|Win32.ActiveCfg = Debug|Win32
		{B8FDFD9D-0591-4AF5-A43B-F378883A202C}.Debug|Win32.Build.0 = Debug|Win32
		{B8FDFD9D-0591-4AF5-A43B-F378883A202C}.Debug|x64.ActiveCfg = Debug|x64
		{B8FDFD9D-0591-4AF5-A43B-F378883A202C}.Debug|x64.Build.0 = Debug|x64
		{B8FDFD9D-0591-4AF5-A43B-F378883A202C}.Debug|x86.ActiveCfg = Debug|Win32
		{B8FDFD9D-0591-4AF5-A43B-F378883A202C}.Debug|x86.Build.0 = Debug|Win32
		{B8FDFD9D-0591-4AF5-A43B-F378883A202C}.Release|Win32.ActiveCfg = Release|Win32
		{B8FDFD9D-0591-4AF5-A43B-F378883A202C}.Release|Win32.Build.0 = Release|Win32
		{B8FDFD9D-0591-4AF5-A43B-F378883A202C}.Release|x64.ActiveCfg = Release|x64
		{B8FDFD9D-0591-4AF5-A43B-F378883A202C}.Release|x64.Build.0 = Release|x64
		{B8FDFD9D-0591-4AF5-A43B-F378883A202C}.Release|x86.ActiveCfg = Release|Win32
		{B8FDFD9D-0591-4AF5-A43B-F378883A202C}.Release|x86.Build.0 = Release|Win32
		{679DB21C-FCC7-45C7-8223-45B8314B03F3}.Debug|Win32.ActiveCfg = Debug|Win32
		{679DB21C-FCC7-45C7-8223-45B8314B03F3}.Debug|Win32.Build.0 = Debug|Win32
		{679DB21C-FCC7-45C7-8223-45B8314B03F3}.Debug|x64.ActiveCfg = Debug|x64
		{679DB21C-FCC7-45C7-8223-45B8314B03F3}.Debug|x64.Build.0 = Debug|x64
		{679DB21C-FCC7-45C7-8223-45B8314B03F3}.Debug|x86.ActiveCfg = Debug|Win32
		{679DB21C-FCC7-45C7-8223-45B8314B03F3}.Debug|x86.Build.0 = Debug|Win32
		{679DB21C-FCC7-45C7-8223-45B8314B03F3}.Release|Win32.ActiveCfg = Release|Win32
		{679DB21C-FCC7-45C7-8223-45B8314B03F3}.Release|Win32.Build.0 = Release|Win32
		{679DB21C-FCC7-45C7-8223-45B8314B03F3}.Release|x64.ActiveCfg = Release|x64
		{679DB21C-FCC7-45C7-8223-45B8314B03F3}.Release|x64.Build.0 = Release|x64
		{679DB21C-FCC7-45C7-8223-45B8314B03F3}.Release|x86.ActiveCfg = Release|Win32
		{679DB21C-FCC7-45C7-8223-45B8314B03F3}.Release|x86.Build.0 = Release|Win32
		{A16D801E-99EA-4F84-8BB6-C9EF2FF21009}.Debug|Win32.ActiveCfg = Debug|Win32
		{A16D801E-99EA-4F84-8BB6-C9EF2FF21009}.Debug|Win32.Build.0 = Debug|Win32
		{A16D801E-99EA-4F84-8BB6-C9EF2FF21009}.Debug|Win32.Deploy.0 = Debug|Win32
		{A16D801E-99EA-4F84-8BB6-C9EF2FF21009}.Debug|x64.ActiveCfg = Debug|x64
		{A16D801E-99EA-4F84-8BB6-C9EF2FF21009}.Debug|x64.Build.0 = Debug|x64
		{A16D801E-99EA-4F84-8BB6-C9EF2FF21009}.Debug|x86.ActiveCfg = Debug|Win32
		{A16D801E-99EA-4F84-8BB6-C9EF2FF21009}.Debug|x86.Build.0 = Debug|Win32
		{A16D801E-99EA-4F84-8BB6-C9EF2FF21009}.Debug|x86.Deploy.0 = Debug|Win32
		{A16D801E-99EA-4F84-8BB6-C9EF2FF21009}.Release|Win32.ActiveCfg = Release|Win32
		{A16D801E-99EA-4F84-8BB6-C9EF2FF21009}.Release|Win32.Build.0 = Release|Win32
		{A16D801E-99EA-4F84-8BB6-C9EF2FF21009}.Release|Win32.Deploy.0 = Release|Win32
		{A16D801E-99EA-4F84-8BB6-C9EF2FF21009}.Release|x64.ActiveCfg = Release|x64
		{A16D801E-99EA-4F84-8BB6-C9EF2FF21009}.Release|x64.Build.0 = Release|x64
		{A16D801E-99EA-4F84-8BB6-C9EF2FF21009}.Release|x86.ActiveCfg = Release|Win32
		{A16D801E-99EA-4F84-8BB6-C9EF2FF21009}.Release|x86.Build.0 = Release|Win32
		{A16D801E-99EA-4F84-8BB6-C9EF2FF21009}.Release|x86.Deploy.0 = Release|Win32
	EndGlobalSection
	GlobalSection(SolutionProperties) = preSolution
		HideSolutionNode = FALSE
	EndGlobalSection
	GlobalSection(ExtensibilityGlobals) = postSolution
		SolutionGuid = {75E9705B-BC60-4218-AF13-5A3D61C848DD}
	EndGlobalSection
EndGlobal
